
Microsoft Visual Studio Solution File, Format Version 12.00
# Visual Studio Version 16
VisualStudioVersion = 16.0.810.21
MinimumVisualStudioVersion = 10.0.40219.1
Project("{FAE04EC0-301F-11D3-BF4B-00C04F79EFBC}") = "MarsRover", "MarsRover\MarsRover.csproj", "{F7786C27-278A-4348-9667-D50B33DC4619}"
EndProject
Project("{FAE04EC0-301F-11D3-BF4B-00C04F79EFBC}") = "MarsRoverTest", "MarsRoverTest\MarsRoverTest.csproj", "{143F7F76-7F6A-4DA8-8D61-91FE78B204A3}"
EndProject
Global
	GlobalSection(SolutionConfigurationPlatforms) = preSolution
		Debug|Any CPU = Debug|Any CPU
		Release|Any CPU = Release|Any CPU
	EndGlobalSection
	GlobalSection(ProjectConfigurationPlatforms) = postSolution
		{F7786C27-278A-4348-9667-D50B33DC4619}.Debug|Any CPU.ActiveCfg = Debug|Any CPU
		{F7786C27-278A-4348-9667-D50B33DC4619}.Debug|Any CPU.Build.0 = Debug|Any CPU
		{F7786C27-278A-4348-9667-D50B33DC4619}.Release|Any CPU.ActiveCfg = Release|Any CPU
		{F7786C27-278A-4348-9667-D50B33DC4619}.Release|Any CPU.Build.0 = Release|Any CPU
		{143F7F76-7F6A-4DA8-8D61-91FE78B204A3}.Debug|Any CPU.ActiveCfg = Debug|Any CPU
		{143F7F76-7F6A-4DA8-8D61-91FE78B204A3}.Debug|Any CPU.Build.0 = Debug|Any CPU
		{143F7F76-7F6A-4DA8-8D61-91FE78B204A3}.Release|Any CPU.ActiveCfg = Release|Any CPU
		{143F7F76-7F6A-4DA8-8D61-91FE78B204A3}.Release|Any CPU.Build.0 = Release|Any CPU
	EndGlobalSection
	GlobalSection(SolutionProperties) = preSolution
		HideSolutionNode = FALSE
	EndGlobalSection
	GlobalSection(ExtensibilityGlobals) = postSolution
		SolutionGuid = {150467CF-C69B-4C89-A8DF-6AFCD2F15916}
	EndGlobalSection
	GlobalSection(MonoDevelopProperties) = preSolution
		Policies = $0
		$0.DotNetNamingPolicy = $1
		$1.DirectoryNamespaceAssociation = PrefixedHierarchical
	EndGlobalSection
EndGlobal
